// !$*UTF8*$!
{
	archiveVersion = 1;
	classes = {
	};
	objectVersion = 51;
	objects = {

/* Begin PBXBuildFile section */
		940F856658DE407483D7A6DD /* Pods_MyFinalApp.framework in Frameworks */ = {isa = PBXBuildFile; fileRef = 0319C1DEBD7259A8B78B03F7 /* Pods_MyFinalApp.framework */; };
		C11A02C3230AD1D600F626BD /* Post.storyboard in Resources */ = {isa = PBXBuildFile; fileRef = C11A02C2230AD1D600F626BD /* Post.storyboard */; };
		C11A02C5230AD1EA00F626BD /* PostViewController.swift in Sources */ = {isa = PBXBuildFile; fileRef = C11A02C4230AD1EA00F626BD /* PostViewController.swift */; };
		C11CE2A92311326900994800 /* DetailViewController.swift in Sources */ = {isa = PBXBuildFile; fileRef = C11CE2A82311326900994800 /* DetailViewController.swift */; };
		C13E514A230BE2240001500A /* Extension+ Scrollview.swift in Sources */ = {isa = PBXBuildFile; fileRef = C13E5149230BE2240001500A /* Extension+ Scrollview.swift */; };
		C13E514C230BE8CC0001500A /* Extension+ View.swift in Sources */ = {isa = PBXBuildFile; fileRef = C13E514B230BE8CC0001500A /* Extension+ View.swift */; };
		C13E514E230BE9460001500A /* Struct.swift in Sources */ = {isa = PBXBuildFile; fileRef = C13E514D230BE9460001500A /* Struct.swift */; };
		C13F71AD230EA602002429CA /* NewViewController.swift in Sources */ = {isa = PBXBuildFile; fileRef = C13F71AC230EA602002429CA /* NewViewController.swift */; };
		C1431FE7230FC759001B34E9 /* ChengeStringFunc.swift in Sources */ = {isa = PBXBuildFile; fileRef = C1431FE6230FC759001B34E9 /* ChengeStringFunc.swift */; };
		C14AFACD23151AEE005BF832 /* LikedPostViewController.swift in Sources */ = {isa = PBXBuildFile; fileRef = C14AFACC23151AEE005BF832 /* LikedPostViewController.swift */; };
		C14AFACF2315546D005BF832 /* userProfImage.swift in Sources */ = {isa = PBXBuildFile; fileRef = C14AFACE2315546D005BF832 /* userProfImage.swift */; };
		C1519CC9230A711000C18C5C /* AppDelegate.swift in Sources */ = {isa = PBXBuildFile; fileRef = C1519CC8230A711000C18C5C /* AppDelegate.swift */; };
		C1519CCB230A711000C18C5C /* ViewController.swift in Sources */ = {isa = PBXBuildFile; fileRef = C1519CCA230A711000C18C5C /* ViewController.swift */; };
		C1519CCE230A711000C18C5C /* Main.storyboard in Resources */ = {isa = PBXBuildFile; fileRef = C1519CCC230A711000C18C5C /* Main.storyboard */; };
		C1519CD0230A711100C18C5C /* Assets.xcassets in Resources */ = {isa = PBXBuildFile; fileRef = C1519CCF230A711100C18C5C /* Assets.xcassets */; };
		C1519CD3230A711100C18C5C /* LaunchScreen.storyboard in Resources */ = {isa = PBXBuildFile; fileRef = C1519CD1230A711100C18C5C /* LaunchScreen.storyboard */; };
		C155F000230A81820058B65D /* Login.storyboard in Resources */ = {isa = PBXBuildFile; fileRef = C155EFFF230A81820058B65D /* Login.storyboard */; };
		C155F002230A81B20058B65D /* LoginViewController.swift in Sources */ = {isa = PBXBuildFile; fileRef = C155F001230A81B20058B65D /* LoginViewController.swift */; };
		C155F004230A88400058B65D /* GoogleService-Info.plist in Resources */ = {isa = PBXBuildFile; fileRef = C155F003230A88400058B65D /* GoogleService-Info.plist */; };
		C1CD24AC230D2C6300BD791D /* ProfileViewController.swift in Sources */ = {isa = PBXBuildFile; fileRef = C1CD24AB230D2C6300BD791D /* ProfileViewController.swift */; };
		C1CD24AE230D304700BD791D /* FixProfileViewController.swift in Sources */ = {isa = PBXBuildFile; fileRef = C1CD24AD230D304700BD791D /* FixProfileViewController.swift */; };
/* End PBXBuildFile section */

/* Begin PBXFileReference section */
		0319C1DEBD7259A8B78B03F7 /* Pods_MyFinalApp.framework */ = {isa = PBXFileReference; explicitFileType = wrapper.framework; includeInIndex = 0; path = Pods_MyFinalApp.framework; sourceTree = BUILT_PRODUCTS_DIR; };
		567C7F2CAFC5B8854D22218C /* Pods-MyFinalApp.debug.xcconfig */ = {isa = PBXFileReference; includeInIndex = 1; lastKnownFileType = text.xcconfig; name = "Pods-MyFinalApp.debug.xcconfig"; path = "Target Support Files/Pods-MyFinalApp/Pods-MyFinalApp.debug.xcconfig"; sourceTree = "<group>"; };
		6A7CB480EC590C2E12ED96F2 /* Pods-MyFinalApp.release.xcconfig */ = {isa = PBXFileReference; includeInIndex = 1; lastKnownFileType = text.xcconfig; name = "Pods-MyFinalApp.release.xcconfig"; path = "Target Support Files/Pods-MyFinalApp/Pods-MyFinalApp.release.xcconfig"; sourceTree = "<group>"; };
		C11A02C2230AD1D600F626BD /* Post.storyboard */ = {isa = PBXFileReference; lastKnownFileType = file.storyboard; path = Post.storyboard; sourceTree = "<group>"; };
		C11A02C4230AD1EA00F626BD /* PostViewController.swift */ = {isa = PBXFileReference; lastKnownFileType = sourcecode.swift; path = PostViewController.swift; sourceTree = "<group>"; };
		C11CE2A82311326900994800 /* DetailViewController.swift */ = {isa = PBXFileReference; lastKnownFileType = sourcecode.swift; path = DetailViewController.swift; sourceTree = "<group>"; };
		C13E5149230BE2240001500A /* Extension+ Scrollview.swift */ = {isa = PBXFileReference; lastKnownFileType = sourcecode.swift; path = "Extension+ Scrollview.swift"; sourceTree = "<group>"; };
		C13E514B230BE8CC0001500A /* Extension+ View.swift */ = {isa = PBXFileReference; lastKnownFileType = sourcecode.swift; path = "Extension+ View.swift"; sourceTree = "<group>"; };
		C13E514D230BE9460001500A /* Struct.swift */ = {isa = PBXFileReference; lastKnownFileType = sourcecode.swift; path = Struct.swift; sourceTree = "<group>"; };
		C13F71AC230EA602002429CA /* NewViewController.swift */ = {isa = PBXFileReference; lastKnownFileType = sourcecode.swift; path = NewViewController.swift; sourceTree = "<group>"; };
		C1431FE6230FC759001B34E9 /* ChengeStringFunc.swift */ = {isa = PBXFileReference; lastKnownFileType = sourcecode.swift; path = ChengeStringFunc.swift; sourceTree = "<group>"; };
		C14AFACC23151AEE005BF832 /* LikedPostViewController.swift */ = {isa = PBXFileReference; lastKnownFileType = sourcecode.swift; path = LikedPostViewController.swift; sourceTree = "<group>"; };
		C14AFACE2315546D005BF832 /* userProfImage.swift */ = {isa = PBXFileReference; lastKnownFileType = sourcecode.swift; path = userProfImage.swift; sourceTree = "<group>"; };
		C1519CC5230A711000C18C5C /* MyFinalApp.app */ = {isa = PBXFileReference; explicitFileType = wrapper.application; includeInIndex = 0; path = MyFinalApp.app; sourceTree = BUILT_PRODUCTS_DIR; };
		C1519CC8230A711000C18C5C /* AppDelegate.swift */ = {isa = PBXFileReference; lastKnownFileType = sourcecode.swift; path = AppDelegate.swift; sourceTree = "<group>"; };
		C1519CCA230A711000C18C5C /* ViewController.swift */ = {isa = PBXFileReference; lastKnownFileType = sourcecode.swift; path = ViewController.swift; sourceTree = "<group>"; };
		C1519CCD230A711000C18C5C /* Base */ = {isa = PBXFileReference; lastKnownFileType = file.storyboard; name = Base; path = Base.lproj/Main.storyboard; sourceTree = "<group>"; };
		C1519CCF230A711100C18C5C /* Assets.xcassets */ = {isa = PBXFileReference; lastKnownFileType = folder.assetcatalog; path = Assets.xcassets; sourceTree = "<group>"; };
		C1519CD2230A711100C18C5C /* Base */ = {isa = PBXFileReference; lastKnownFileType = file.storyboard; name = Base; path = Base.lproj/LaunchScreen.storyboard; sourceTree = "<group>"; };
		C1519CD4230A711100C18C5C /* Info.plist */ = {isa = PBXFileReference; lastKnownFileType = text.plist.xml; path = Info.plist; sourceTree = "<group>"; };
		C155EFFF230A81820058B65D /* Login.storyboard */ = {isa = PBXFileReference; lastKnownFileType = file.storyboard; path = Login.storyboard; sourceTree = "<group>"; };
		C155F001230A81B20058B65D /* LoginViewController.swift */ = {isa = PBXFileReference; lastKnownFileType = sourcecode.swift; path = LoginViewController.swift; sourceTree = "<group>"; };
		C155F003230A88400058B65D /* GoogleService-Info.plist */ = {isa = PBXFileReference; fileEncoding = 4; lastKnownFileType = text.plist.xml; path = "GoogleService-Info.plist"; sourceTree = SOURCE_ROOT; };
		C1CD24AB230D2C6300BD791D /* ProfileViewController.swift */ = {isa = PBXFileReference; lastKnownFileType = sourcecode.swift; path = ProfileViewController.swift; sourceTree = "<group>"; };
		C1CD24AD230D304700BD791D /* FixProfileViewController.swift */ = {isa = PBXFileReference; lastKnownFileType = sourcecode.swift; path = FixProfileViewController.swift; sourceTree = "<group>"; };
/* End PBXFileReference section */

/* Begin PBXFrameworksBuildPhase section */
		C1519CC2230A711000C18C5C /* Frameworks */ = {
			isa = PBXFrameworksBuildPhase;
			buildActionMask = 2147483647;
			files = (
				940F856658DE407483D7A6DD /* Pods_MyFinalApp.framework in Frameworks */,
			);
			runOnlyForDeploymentPostprocessing = 0;
		};
/* End PBXFrameworksBuildPhase section */

/* Begin PBXGroup section */
		0FCA6ADCB6BEAC222166DACB /* Pods */ = {
			isa = PBXGroup;
			children = (
				567C7F2CAFC5B8854D22218C /* Pods-MyFinalApp.debug.xcconfig */,
				6A7CB480EC590C2E12ED96F2 /* Pods-MyFinalApp.release.xcconfig */,
			);
			path = Pods;
			sourceTree = "<group>";
		};
		C11A02C1230AD17600F626BD /* Post */ = {
			isa = PBXGroup;
			children = (
				C11A02C2230AD1D600F626BD /* Post.storyboard */,
				C11A02C4230AD1EA00F626BD /* PostViewController.swift */,
				C13E5149230BE2240001500A /* Extension+ Scrollview.swift */,
				C13E514B230BE8CC0001500A /* Extension+ View.swift */,
				C13E514D230BE9460001500A /* Struct.swift */,
				C13F71AC230EA602002429CA /* NewViewController.swift */,
			);
			path = Post;
			sourceTree = "<group>";
		};
		C13E514F230BFBAC0001500A /* Profile */ = {
			isa = PBXGroup;
			children = (
				C1CD24AB230D2C6300BD791D /* ProfileViewController.swift */,
				C1CD24AD230D304700BD791D /* FixProfileViewController.swift */,
				C1431FE6230FC759001B34E9 /* ChengeStringFunc.swift */,
				C14AFACE2315546D005BF832 /* userProfImage.swift */,
			);
			path = Profile;
			sourceTree = "<group>";
		};
		C14AFACB23151A99005BF832 /* Liked */ = {
			isa = PBXGroup;
			children = (
				C14AFACC23151AEE005BF832 /* LikedPostViewController.swift */,
			);
			path = Liked;
			sourceTree = "<group>";
		};
		C1519CBC230A711000C18C5C = {
			isa = PBXGroup;
			children = (
				C1519CC7230A711000C18C5C /* MyFinalApp */,
				C1519CC6230A711000C18C5C /* Products */,
				0FCA6ADCB6BEAC222166DACB /* Pods */,
				D405D9C11F9709F323356ECE /* Frameworks */,
			);
			sourceTree = "<group>";
		};
		C1519CC6230A711000C18C5C /* Products */ = {
			isa = PBXGroup;
			children = (
				C1519CC5230A711000C18C5C /* MyFinalApp.app */,
			);
			name = Products;
			sourceTree = "<group>";
		};
		C1519CC7230A711000C18C5C /* MyFinalApp */ = {
			isa = PBXGroup;
			children = (
				C1519CC8230A711000C18C5C /* AppDelegate.swift */,
				C14AFACB23151A99005BF832 /* Liked */,
				C1DA7E06230A9637004E185E /* TimeLine */,
				C155EFFE230A81540058B65D /* Login */,
				C11A02C1230AD17600F626BD /* Post */,
				C13E514F230BFBAC0001500A /* Profile */,
				C1519CCF230A711100C18C5C /* Assets.xcassets */,
				C1519CD1230A711100C18C5C /* LaunchScreen.storyboard */,
				C1519CD4230A711100C18C5C /* Info.plist */,
				C155F003230A88400058B65D /* GoogleService-Info.plist */,
			);
			path = MyFinalApp;
			sourceTree = "<group>";
		};
		C155EFFE230A81540058B65D /* Login */ = {
			isa = PBXGroup;
			children = (
				C155EFFF230A81820058B65D /* Login.storyboard */,
				C155F001230A81B20058B65D /* LoginViewController.swift */,
			);
			path = Login;
			sourceTree = "<group>";
		};
		C1DA7E06230A9637004E185E /* TimeLine */ = {
			isa = PBXGroup;
			children = (
				C1519CCC230A711000C18C5C /* Main.storyboard */,
				C1519CCA230A711000C18C5C /* ViewController.swift */,
				C11CE2A82311326900994800 /* DetailViewController.swift */,
			);
			path = TimeLine;
			sourceTree = "<group>";
		};
		D405D9C11F9709F323356ECE /* Frameworks */ = {
			isa = PBXGroup;
			children = (
				0319C1DEBD7259A8B78B03F7 /* Pods_MyFinalApp.framework */,
			);
			name = Frameworks;
			sourceTree = "<group>";
		};
/* End PBXGroup section */

/* Begin PBXNativeTarget section */
		C1519CC4230A711000C18C5C /* MyFinalApp */ = {
			isa = PBXNativeTarget;
			buildConfigurationList = C1519CD7230A711100C18C5C /* Build configuration list for PBXNativeTarget "MyFinalApp" */;
			buildPhases = (
				668ECE4D2C59B157A6575478 /* [CP] Check Pods Manifest.lock */,
				C1519CC1230A711000C18C5C /* Sources */,
				C1519CC2230A711000C18C5C /* Frameworks */,
				C1519CC3230A711000C18C5C /* Resources */,
				DB1DD2C671677340D191931F /* [CP] Embed Pods Frameworks */,
			);
			buildRules = (
			);
			dependencies = (
			);
			name = MyFinalApp;
			productName = MyFinalApp;
			productReference = C1519CC5230A711000C18C5C /* MyFinalApp.app */;
			productType = "com.apple.product-type.application";
		};
/* End PBXNativeTarget section */

/* Begin PBXProject section */
		C1519CBD230A711000C18C5C /* Project object */ = {
			isa = PBXProject;
			attributes = {
				LastSwiftUpdateCheck = 1020;
				LastUpgradeCheck = 1020;
				ORGANIZATIONNAME = VERTEX24;
				TargetAttributes = {
					C1519CC4230A711000C18C5C = {
						CreatedOnToolsVersion = 10.2.1;
					};
				};
			};
			buildConfigurationList = C1519CC0230A711000C18C5C /* Build configuration list for PBXProject "MyFinalApp" */;
			compatibilityVersion = "Xcode 9.3";
			developmentRegion = en;
			hasScannedForEncodings = 0;
			knownRegions = (
				en,
				Base,
			);
			mainGroup = C1519CBC230A711000C18C5C;
			productRefGroup = C1519CC6230A711000C18C5C /* Products */;
			projectDirPath = "";
			projectRoot = "";
			targets = (
				C1519CC4230A711000C18C5C /* MyFinalApp */,
			);
		};
/* End PBXProject section */

/* Begin PBXResourcesBuildPhase section */
		C1519CC3230A711000C18C5C /* Resources */ = {
			isa = PBXResourcesBuildPhase;
			buildActionMask = 2147483647;
			files = (
				C1519CD3230A711100C18C5C /* LaunchScreen.storyboard in Resources */,
				C1519CD0230A711100C18C5C /* Assets.xcassets in Resources */,
				C155F004230A88400058B65D /* GoogleService-Info.plist in Resources */,
				C155F000230A81820058B65D /* Login.storyboard in Resources */,
				C11A02C3230AD1D600F626BD /* Post.storyboard in Resources */,
				C1519CCE230A711000C18C5C /* Main.storyboard in Resources */,
			);
			runOnlyForDeploymentPostprocessing = 0;
		};
/* End PBXResourcesBuildPhase section */

/* Begin PBXShellScriptBuildPhase section */
		668ECE4D2C59B157A6575478 /* [CP] Check Pods Manifest.lock */ = {
			isa = PBXShellScriptBuildPhase;
			buildActionMask = 2147483647;
			files = (
			);
			inputFileListPaths = (
			);
			inputPaths = (
				"${PODS_PODFILE_DIR_PATH}/Podfile.lock",
				"${PODS_ROOT}/Manifest.lock",
			);
			name = "[CP] Check Pods Manifest.lock";
			outputFileListPaths = (
			);
			outputPaths = (
				"$(DERIVED_FILE_DIR)/Pods-MyFinalApp-checkManifestLockResult.txt",
			);
			runOnlyForDeploymentPostprocessing = 0;
			shellPath = /bin/sh;
			shellScript = "diff \"${PODS_PODFILE_DIR_PATH}/Podfile.lock\" \"${PODS_ROOT}/Manifest.lock\" > /dev/null\nif [ $? != 0 ] ; then\n    # print error to STDERR\n    echo \"error: The sandbox is not in sync with the Podfile.lock. Run 'pod install' or update your CocoaPods installation.\" >&2\n    exit 1\nfi\n# This output is used by Xcode 'outputs' to avoid re-running this script phase.\necho \"SUCCESS\" > \"${SCRIPT_OUTPUT_FILE_0}\"\n";
			showEnvVarsInLog = 0;
		};
		DB1DD2C671677340D191931F /* [CP] Embed Pods Frameworks */ = {
			isa = PBXShellScriptBuildPhase;
			buildActionMask = 2147483647;
			files = (
			);
			inputFileListPaths = (
				"${PODS_ROOT}/Target Support Files/Pods-MyFinalApp/Pods-MyFinalApp-frameworks-${CONFIGURATION}-input-files.xcfilelist",
			);
			name = "[CP] Embed Pods Frameworks";
			outputFileListPaths = (
				"${PODS_ROOT}/Target Support Files/Pods-MyFinalApp/Pods-MyFinalApp-frameworks-${CONFIGURATION}-output-files.xcfilelist",
			);
			runOnlyForDeploymentPostprocessing = 0;
			shellPath = /bin/sh;
			shellScript = "\"${PODS_ROOT}/Target Support Files/Pods-MyFinalApp/Pods-MyFinalApp-frameworks.sh\"\n";
			showEnvVarsInLog = 0;
		};
/* End PBXShellScriptBuildPhase section */

/* Begin PBXSourcesBuildPhase section */
		C1519CC1230A711000C18C5C /* Sources */ = {
			isa = PBXSourcesBuildPhase;
			buildActionMask = 2147483647;
			files = (
				C11A02C5230AD1EA00F626BD /* PostViewController.swift in Sources */,
				C14AFACF2315546D005BF832 /* userProfImage.swift in Sources */,
				C155F002230A81B20058B65D /* LoginViewController.swift in Sources */,
				C1519CCB230A711000C18C5C /* ViewController.swift in Sources */,
				C11CE2A92311326900994800 /* DetailViewController.swift in Sources */,
				C1CD24AE230D304700BD791D /* FixProfileViewController.swift in Sources */,
				C14AFACD23151AEE005BF832 /* LikedPostViewController.swift in Sources */,
				C13E514C230BE8CC0001500A /* Extension+ View.swift in Sources */,
				C13E514A230BE2240001500A /* Extension+ Scrollview.swift in Sources */,
				C13E514E230BE9460001500A /* Struct.swift in Sources */,
				C13F71AD230EA602002429CA /* NewViewController.swift in Sources */,
				C1431FE7230FC759001B34E9 /* ChengeStringFunc.swift in Sources */,
				C1CD24AC230D2C6300BD791D /* ProfileViewController.swift in Sources */,
				C1519CC9230A711000C18C5C /* AppDelegate.swift in Sources */,
			);
			runOnlyForDeploymentPostprocessing = 0;
		};
/* End PBXSourcesBuildPhase section */

/* Begin PBXVariantGroup section */
		C1519CCC230A711000C18C5C /* Main.storyboard */ = {
			isa = PBXVariantGroup;
			children = (
				C1519CCD230A711000C18C5C /* Base */,
			);
			name = Main.storyboard;
			sourceTree = "<group>";
		};
		C1519CD1230A711100C18C5C /* LaunchScreen.storyboard */ = {
			isa = PBXVariantGroup;
			children = (
				C1519CD2230A711100C18C5C /* Base */,
			);
			name = LaunchScreen.storyboard;
			sourceTree = "<group>";
		};
/* End PBXVariantGroup section */

/* Begin XCBuildConfiguration section */
		C1519CD5230A711100C18C5C /* Debug */ = {
			isa = XCBuildConfiguration;
			buildSettings = {
				ALWAYS_SEARCH_USER_PATHS = NO;
				CLANG_ANALYZER_NONNULL = YES;
				CLANG_ANALYZER_NUMBER_OBJECT_CONVERSION = YES_AGGRESSIVE;
				CLANG_CXX_LANGUAGE_STANDARD = "gnu++14";
				CLANG_CXX_LIBRARY = "libc++";
				CLANG_ENABLE_MODULES = YES;
				CLANG_ENABLE_OBJC_ARC = YES;
				CLANG_ENABLE_OBJC_WEAK = YES;
				CLANG_WARN_BLOCK_CAPTURE_AUTORELEASING = YES;
				CLANG_WARN_BOOL_CONVERSION = YES;
				CLANG_WARN_COMMA = YES;
				CLANG_WARN_CONSTANT_CONVERSION = YES;
				CLANG_WARN_DEPRECATED_OBJC_IMPLEMENTATIONS = YES;
				CLANG_WARN_DIRECT_OBJC_ISA_USAGE = YES_ERROR;
				CLANG_WARN_DOCUMENTATION_COMMENTS = YES;
				CLANG_WARN_EMPTY_BODY = YES;
				CLANG_WARN_ENUM_CONVERSION = YES;
				CLANG_WARN_INFINITE_RECURSION = YES;
				CLANG_WARN_INT_CONVERSION = YES;
				CLANG_WARN_NON_LITERAL_NULL_CONVERSION = YES;
				CLANG_WARN_OBJC_IMPLICIT_RETAIN_SELF = YES;
				CLANG_WARN_OBJC_LITERAL_CONVERSION = YES;
				CLANG_WARN_OBJC_ROOT_CLASS = YES_ERROR;
				CLANG_WARN_RANGE_LOOP_ANALYSIS = YES;
				CLANG_WARN_STRICT_PROTOTYPES = YES;
				CLANG_WARN_SUSPICIOUS_MOVE = YES;
				CLANG_WARN_UNGUARDED_AVAILABILITY = YES_AGGRESSIVE;
				CLANG_WARN_UNREACHABLE_CODE = YES;
				CLANG_WARN__DUPLICATE_METHOD_MATCH = YES;
				CODE_SIGN_IDENTITY = "iPhone Developer";
				COPY_PHASE_STRIP = NO;
				DEBUG_INFORMATION_FORMAT = dwarf;
				ENABLE_STRICT_OBJC_MSGSEND = YES;
				ENABLE_TESTABILITY = YES;
				GCC_C_LANGUAGE_STANDARD = gnu11;
				GCC_DYNAMIC_NO_PIC = NO;
				GCC_NO_COMMON_BLOCKS = YES;
				GCC_OPTIMIZATION_LEVEL = 0;
				GCC_PREPROCESSOR_DEFINITIONS = (
					"DEBUG=1",
					"$(inherited)",
				);
				GCC_WARN_64_TO_32_BIT_CONVERSION = YES;
				GCC_WARN_ABOUT_RETURN_TYPE = YES_ERROR;
				GCC_WARN_UNDECLARED_SELECTOR = YES;
				GCC_WARN_UNINITIALIZED_AUTOS = YES_AGGRESSIVE;
				GCC_WARN_UNUSED_FUNCTION = YES;
				GCC_WARN_UNUSED_VARIABLE = YES;
				IPHONEOS_DEPLOYMENT_TARGET = 12.2;
				MTL_ENABLE_DEBUG_INFO = INCLUDE_SOURCE;
				MTL_FAST_MATH = YES;
				ONLY_ACTIVE_ARCH = YES;
				SDKROOT = iphoneos;
				SWIFT_ACTIVE_COMPILATION_CONDITIONS = DEBUG;
				SWIFT_OPTIMIZATION_LEVEL = "-Onone";
			};
			name = Debug;
		};
		C1519CD6230A711100C18C5C /* Release */ = {
			isa = XCBuildConfiguration;
			buildSettings = {
				ALWAYS_SEARCH_USER_PATHS = NO;
				CLANG_ANALYZER_NONNULL = YES;
				CLANG_ANALYZER_NUMBER_OBJECT_CONVERSION = YES_AGGRESSIVE;
				CLANG_CXX_LANGUAGE_STANDARD = "gnu++14";
				CLANG_CXX_LIBRARY = "libc++";
				CLANG_ENABLE_MODULES = YES;
				CLANG_ENABLE_OBJC_ARC = YES;
				CLANG_ENABLE_OBJC_WEAK = YES;
				CLANG_WARN_BLOCK_CAPTURE_AUTORELEASING = YES;
				CLANG_WARN_BOOL_CONVERSION = YES;
				CLANG_WARN_COMMA = YES;
				CLANG_WARN_CONSTANT_CONVERSION = YES;
				CLANG_WARN_DEPRECATED_OBJC_IMPLEMENTATIONS = YES;
				CLANG_WARN_DIRECT_OBJC_ISA_USAGE = YES_ERROR;
				CLANG_WARN_DOCUMENTATION_COMMENTS = YES;
				CLANG_WARN_EMPTY_BODY = YES;
				CLANG_WARN_ENUM_CONVERSION = YES;
				CLANG_WARN_INFINITE_RECURSION = YES;
				CLANG_WARN_INT_CONVERSION = YES;
				CLANG_WARN_NON_LITERAL_NULL_CONVERSION = YES;
				CLANG_WARN_OBJC_IMPLICIT_RETAIN_SELF = YES;
				CLANG_WARN_OBJC_LITERAL_CONVERSION = YES;
				CLANG_WARN_OBJC_ROOT_CLASS = YES_ERROR;
				CLANG_WARN_RANGE_LOOP_ANALYSIS = YES;
				CLANG_WARN_STRICT_PROTOTYPES = YES;
				CLANG_WARN_SUSPICIOUS_MOVE = YES;
				CLANG_WARN_UNGUARDED_AVAILABILITY = YES_AGGRESSIVE;
				CLANG_WARN_UNREACHABLE_CODE = YES;
				CLANG_WARN__DUPLICATE_METHOD_MATCH = YES;
				CODE_SIGN_IDENTITY = "iPhone Developer";
				COPY_PHASE_STRIP = NO;
				DEBUG_INFORMATION_FORMAT = "dwarf-with-dsym";
				ENABLE_NS_ASSERTIONS = NO;
				ENABLE_STRICT_OBJC_MSGSEND = YES;
				GCC_C_LANGUAGE_STANDARD = gnu11;
				GCC_NO_COMMON_BLOCKS = YES;
				GCC_WARN_64_TO_32_BIT_CONVERSION = YES;
				GCC_WARN_ABOUT_RETURN_TYPE = YES_ERROR;
				GCC_WARN_UNDECLARED_SELECTOR = YES;
				GCC_WARN_UNINITIALIZED_AUTOS = YES_AGGRESSIVE;
				GCC_WARN_UNUSED_FUNCTION = YES;
				GCC_WARN_UNUSED_VARIABLE = YES;
				IPHONEOS_DEPLOYMENT_TARGET = 12.2;
				MTL_ENABLE_DEBUG_INFO = NO;
				MTL_FAST_MATH = YES;
				SDKROOT = iphoneos;
				SWIFT_COMPILATION_MODE = wholemodule;
				SWIFT_OPTIMIZATION_LEVEL = "-O";
				VALIDATE_PRODUCT = YES;
			};
			name = Release;
		};
		C1519CD8230A711100C18C5C /* Debug */ = {
			isa = XCBuildConfiguration;
			baseConfigurationReference = 567C7F2CAFC5B8854D22218C /* Pods-MyFinalApp.debug.xcconfig */;
			buildSettings = {
				ASSETCATALOG_COMPILER_APPICON_NAME = AppIcon;
				CODE_SIGN_STYLE = Automatic;
				INFOPLIST_FILE = MyFinalApp/Info.plist;
				LD_RUNPATH_SEARCH_PATHS = (
					"$(inherited)",
					"@executable_path/Frameworks",
				);
				PRODUCT_BUNDLE_IDENTIFIER = asobi.MyFinalApp;
				PRODUCT_NAME = "$(TARGET_NAME)";
				SWIFT_VERSION = 5.0;
				TARGETED_DEVICE_FAMILY = 1;
			};
			name = Debug;
		};
		C1519CD9230A711100C18C5C /* Release */ = {
			isa = XCBuildConfiguration;
			baseConfigurationReference = 6A7CB480EC590C2E12ED96F2 /* Pods-MyFinalApp.release.xcconfig */;
			buildSettings = {
				ASSETCATALOG_COMPILER_APPICON_NAME = AppIcon;
				CODE_SIGN_STYLE = Automatic;
				INFOPLIST_FILE = MyFinalApp/Info.plist;
				LD_RUNPATH_SEARCH_PATHS = (
					"$(inherited)",
					"@executable_path/Frameworks",
				);
				PRODUCT_BUNDLE_IDENTIFIER = asobi.MyFinalApp;
				PRODUCT_NAME = "$(TARGET_NAME)";
				SWIFT_VERSION = 5.0;
				TARGETED_DEVICE_FAMILY = 1;
			};
			name = Release;
		};
/* End XCBuildConfiguration section */

/* Begin XCConfigurationList section */
		C1519CC0230A711000C18C5C /* Build configuration list for PBXProject "MyFinalApp" */ = {
			isa = XCConfigurationList;
			buildConfigurations = (
				C1519CD5230A711100C18C5C /* Debug */,
				C1519CD6230A711100C18C5C /* Release */,
			);
			defaultConfigurationIsVisible = 0;
			defaultConfigurationName = Release;
		};
		C1519CD7230A711100C18C5C /* Build configuration list for PBXNativeTarget "MyFinalApp" */ = {
			isa = XCConfigurationList;
			buildConfigurations = (
				C1519CD8230A711100C18C5C /* Debug */,
				C1519CD9230A711100C18C5C /* Release */,
			);
			defaultConfigurationIsVisible = 0;
			defaultConfigurationName = Release;
		};
/* End XCConfigurationList section */
	};
	rootObject = C1519CBD230A711000C18C5C /* Project object */;
}
